<Solution>
  <Folder Name="/src/">
    <Project Path="src/Api/Api.csproj" />
  </Folder>
  <Folder Name="/src/BuildingBlocks/">
    <Project Path="src/BuildingBlocks/BuildingBlocks.Application/BuildingBlocks.Application.csproj" />
    <Project Path="src/BuildingBlocks/BuildingBlocks.Domain/BuildingBlocks.Domain.csproj" />
    <Project Path="src/BuildingBlocks/BuildingBlocks.Infrastructure/BuildingBlocks.Infrastructure.csproj" />
  </Folder>
  <Folder Name="/src/Modules/" />
  <Folder Name="/src/Modules/Catalog/">
    <Project Path="src/Modules/Catalog/Catalog.Application/Catalog.Application.csproj" />
    <Project Path="src/Modules/Catalog/Catalog.Domain/Catalog.Domain.csproj" />
    <Project Path="src/Modules/Catalog/Catalog.Infrastructure/Catalog.Infrastructure.csproj" />
    <Project Path="src/Modules/Catalog/Catalog.Presentation/Catalog.Presentation.csproj" />
  </Folder>
  <Folder Name="/src/Modules/Identity/">
    <Project Path="src/Modules/Identity/Identity.Application/Identity.Application.csproj" />
    <Project Path="src/Modules/Identity/Identity.Domain/Identity.Domain.csproj" />
    <Project Path="src/Modules/Identity/Identity.Infrastructure/Identity.Infrastructure.csproj" />
    <Project Path="src/Modules/Identity/Identity.Presentation/Identity.Presentation.csproj" />
  </Folder>
</Solution>
